<?xml version="1.0" encoding="utf-8"?>
<Project ToolsVersion="4.0" xmlns="http://schemas.microsoft.com/developer/msbuild/2003">
  <ItemGroup>
    <Filter Include="Source Files">
      <UniqueIdentifier>{4FC737F1-C7A5-4376-A066-2A32D752A2FF}</UniqueIdentifier>
      <Extensions>cpp;c;cc;cxx;def;odl;idl;hpj;bat;asm;asmx</Extensions>
    </Filter>
    <Filter Include="Header Files">
      <UniqueIdentifier>{93995380-89BD-4b04-88EB-625FBE52EBFB}</UniqueIdentifier>
      <Extensions>h;hh;hpp;hxx;hm;inl;inc;xsd</Extensions>
    </Filter>
    <Filter Include="Resource Files">
      <UniqueIdentifier>{67DA6AB6-F800-4c08-8B7A-83BB121AAD01}</UniqueIdentifier>
      <Extensions>rc;ico;cur;bmp;dlg;rc2;rct;bin;rgs;gif;jpg;jpeg;jpe;resx;tiff;tif;png;wav;mfcribbon-ms</Extensions>
    </Filter>
    <Filter Include="Motion">
      <UniqueIdentifier>{a04f5846-fcf7-45c2-9ca5-1c48098aa3f3}</UniqueIdentifier>
    </Filter>
  </ItemGroup>
  <ItemGroup>
    <ClCompile Include="main.cpp">
      <Filter>Source Files</Filter>
    </ClCompile>
    <ClCompile Include="VlcPlayer.cpp">
      <Filter>Source Files</Filter>
    </ClCompile>
    <ClCompile Include="Partition.cpp">
      <Filter>Source Files</Filter>
    </ClCompile>
    <ClCompile Include="Panel3D.cpp">
      <Filter>Source Files</Filter>
    </ClCompile>
    <ClCompile Include="ScoreGL.cpp">
      <Filter>Source Files</Filter>
    </ClCompile>
    <ClCompile Include="PlayerBarGL.cpp">
      <Filter>Source Files</Filter>
    </ClCompile>
    <ClCompile Include="OrchestraConstValue.cpp">
      <Filter>Source Files</Filter>
    </ClCompile>
    <ClCompile Include="Menu.cpp">
      <Filter>Source Files</Filter>
    </ClCompile>
    <ClCompile Include="Motion\VCNQuat.cpp">
      <Filter>Motion</Filter>
    </ClCompile>
    <ClCompile Include="Motion\VCNVector.cpp">
      <Filter>Motion</Filter>
    </ClCompile>
  </ItemGroup>
  <ItemGroup>
    <ClInclude Include="main.h">
      <Filter>Header Files</Filter>
    </ClInclude>
    <ClInclude Include="Debug.h">
      <Filter>Header Files</Filter>
    </ClInclude>
    <ClInclude Include="VlcPlayer.h">
      <Filter>Header Files</Filter>
    </ClInclude>
    <ClInclude Include="Panel3D.h">
      <Filter>Header Files</Filter>
    </ClInclude>
    <ClInclude Include="Partition.h">
      <Filter>Header Files</Filter>
    </ClInclude>
    <ClInclude Include="ScoreGL.h">
      <Filter>Header Files</Filter>
    </ClInclude>
    <ClInclude Include="PlayerBarGL.h">
      <Filter>Header Files</Filter>
    </ClInclude>
    <ClInclude Include="OrchestraConstValue.h">
      <Filter>Header Files</Filter>
    </ClInclude>
    <ClInclude Include="Menu.h">
      <Filter>Header Files</Filter>
    </ClInclude>
    <ClInclude Include="Motion\MotionFile.h">
      <Filter>Motion</Filter>
    </ClInclude>
    <ClInclude Include="Motion\myAngles.h">
      <Filter>Motion</Filter>
    </ClInclude>
    <ClInclude Include="Motion\simpleFileIO.hpp">
      <Filter>Motion</Filter>
    </ClInclude>
    <ClInclude Include="Motion\VCNConstants.h">
      <Filter>Motion</Filter>
    </ClInclude>
    <ClInclude Include="Motion\VCNMatrix.h">
      <Filter>Motion</Filter>
    </ClInclude>
    <ClInclude Include="Motion\VCNQuat.h">
      <Filter>Motion</Filter>
    </ClInclude>
    <ClInclude Include="Motion\VCNVector.h">
      <Filter>Motion</Filter>
    </ClInclude>
  </ItemGroup>
</Project>