<?xml version="1.0" encoding="utf-8"?>
<Project ToolsVersion="4.0" xmlns="http://schemas.microsoft.com/developer/msbuild/2003">
  <ItemGroup>
    <Filter Include="Source Files">
      <UniqueIdentifier>{4FC737F1-C7A5-4376-A066-2A32D752A2FF}</UniqueIdentifier>
      <Extensions>cpp;c;cc;cxx;def;odl;idl;hpj;bat;asm;asmx</Extensions>
    </Filter>
    <Filter Include="Header Files">
      <UniqueIdentifier>{93995380-89BD-4b04-88EB-625FBE52EBFB}</UniqueIdentifier>
      <Extensions>h;hh;hpp;hxx;hm;inl;inc;xsd</Extensions>
    </Filter>
    <Filter Include="Resource Files">
      <UniqueIdentifier>{67DA6AB6-F800-4c08-8B7A-83BB121AAD01}</UniqueIdentifier>
      <Extensions>rc;ico;cur;bmp;dlg;rc2;rct;bin;rgs;gif;jpg;jpeg;jpe;resx;tiff;tif;png;wav;mfcribbon-ms</Extensions>
    </Filter>
    <Filter Include="axLib">
      <UniqueIdentifier>{e5f4cf84-3106-41ae-9804-65a6d817daea}</UniqueIdentifier>
    </Filter>
    <Filter Include="axLib\include">
      <UniqueIdentifier>{2a2c9908-b7e2-4b22-b5fc-78f1e5464500}</UniqueIdentifier>
    </Filter>
    <Filter Include="axLib\source">
      <UniqueIdentifier>{cf3bd25e-b030-4810-aa64-7725f887c134}</UniqueIdentifier>
    </Filter>
    <Filter Include="axLib\Widgets">
      <UniqueIdentifier>{d075d0e0-1ebb-444d-a430-c16b13dd2db9}</UniqueIdentifier>
    </Filter>
    <Filter Include="Source Files\VCN">
      <UniqueIdentifier>{426b8e4c-4bcf-4536-8eb7-86547253f84e}</UniqueIdentifier>
    </Filter>
    <Filter Include="Header Files\VCN">
      <UniqueIdentifier>{df238feb-f842-4cbc-a95c-fdd59499e0b7}</UniqueIdentifier>
    </Filter>
    <Filter Include="Header Files\Motion">
      <UniqueIdentifier>{7b224506-7071-4395-8a44-8821a5efacbc}</UniqueIdentifier>
    </Filter>
  </ItemGroup>
  <ItemGroup>
    <ClCompile Include="main.cpp">
      <Filter>Source Files</Filter>
    </ClCompile>
    <ClCompile Include="VlcPlayer.cpp">
      <Filter>Source Files</Filter>
    </ClCompile>
    <ClCompile Include="Partition.cpp">
      <Filter>Source Files</Filter>
    </ClCompile>
    <ClCompile Include="Panel3D.cpp">
      <Filter>Source Files</Filter>
    </ClCompile>
    <ClCompile Include="..\axLib\source\axApp.cpp">
      <Filter>axLib\source</Filter>
    </ClCompile>
    <ClCompile Include="..\axLib\source\axC++.cpp">
      <Filter>axLib\source</Filter>
    </ClCompile>
    <ClCompile Include="..\axLib\source\axColor.cpp">
      <Filter>axLib\source</Filter>
    </ClCompile>
    <ClCompile Include="..\axLib\source\axConfig.cpp">
      <Filter>axLib\source</Filter>
    </ClCompile>
    <ClCompile Include="..\axLib\source\axCore.cpp">
      <Filter>axLib\source</Filter>
    </ClCompile>
    <ClCompile Include="..\axLib\source\axDefaultFontBuffer.cpp">
      <Filter>axLib\source</Filter>
    </ClCompile>
    <ClCompile Include="..\axLib\source\axEvent.cpp">
      <Filter>axLib\source</Filter>
    </ClCompile>
    <ClCompile Include="..\axLib\source\axEventManager.cpp">
      <Filter>axLib\source</Filter>
    </ClCompile>
    <ClCompile Include="..\axLib\source\axFont.cpp">
      <Filter>axLib\source</Filter>
    </ClCompile>
    <ClCompile Include="..\axLib\source\axGC.cpp">
      <Filter>axLib\source</Filter>
    </ClCompile>
    <ClCompile Include="..\axLib\source\axImage.cpp">
      <Filter>axLib\source</Filter>
    </ClCompile>
    <ClCompile Include="..\axLib\source\axKeyboardManager.cpp">
      <Filter>axLib\source</Filter>
    </ClCompile>
    <ClCompile Include="..\axLib\source\axMain.cpp">
      <Filter>axLib\source</Filter>
    </ClCompile>
    <ClCompile Include="..\axLib\source\axManager.cpp">
      <Filter>axLib\source</Filter>
    </ClCompile>
    <ClCompile Include="..\axLib\source\axMath.cpp">
      <Filter>axLib\source</Filter>
    </ClCompile>
    <ClCompile Include="..\axLib\source\axMouseManager.cpp">
      <Filter>axLib\source</Filter>
    </ClCompile>
    <ClCompile Include="..\axLib\source\axMsg.cpp">
      <Filter>axLib\source</Filter>
    </ClCompile>
    <ClCompile Include="..\axLib\source\axObject.cpp">
      <Filter>axLib\source</Filter>
    </ClCompile>
    <ClCompile Include="..\axLib\source\axObjectLoader.cpp">
      <Filter>axLib\source</Filter>
    </ClCompile>
    <ClCompile Include="..\axLib\source\axPanel.cpp">
      <Filter>axLib\source</Filter>
    </ClCompile>
    <ClCompile Include="..\axLib\source\axResourceManager.cpp">
      <Filter>axLib\source</Filter>
    </ClCompile>
    <ClCompile Include="..\axLib\source\axTimer.cpp">
      <Filter>axLib\source</Filter>
    </ClCompile>
    <ClCompile Include="..\axLib\source\axUtils.cpp">
      <Filter>axLib\source</Filter>
    </ClCompile>
    <ClCompile Include="..\axLib\source\axVar.cpp">
      <Filter>axLib\source</Filter>
    </ClCompile>
    <ClCompile Include="..\axLib\source\axWidget.cpp">
      <Filter>axLib\source</Filter>
    </ClCompile>
    <ClCompile Include="..\axLib\source\axWidgetBuilder.cpp">
      <Filter>axLib\source</Filter>
    </ClCompile>
    <ClCompile Include="..\axLib\source\axWindow.cpp">
      <Filter>axLib\source</Filter>
    </ClCompile>
    <ClCompile Include="..\axLib\source\axWindowTree.cpp">
      <Filter>axLib\source</Filter>
    </ClCompile>
    <ClCompile Include="..\axLib\axWidgets\axAnimatedButton.cpp">
      <Filter>axLib\Widgets</Filter>
    </ClCompile>
    <ClCompile Include="..\axLib\axWidgets\axButton.cpp">
      <Filter>axLib\Widgets</Filter>
    </ClCompile>
    <ClCompile Include="..\axLib\axWidgets\axDebugButton.cpp">
      <Filter>axLib\Widgets</Filter>
    </ClCompile>
    <ClCompile Include="..\axLib\axWidgets\axDropMenu.cpp">
      <Filter>axLib\Widgets</Filter>
    </ClCompile>
    <ClCompile Include="..\axLib\axWidgets\axGrid.cpp">
      <Filter>axLib\Widgets</Filter>
    </ClCompile>
    <ClCompile Include="..\axLib\axWidgets\axKnob.cpp">
      <Filter>axLib\Widgets</Filter>
    </ClCompile>
    <ClCompile Include="..\axLib\axWidgets\axLabel.cpp">
      <Filter>axLib\Widgets</Filter>
    </ClCompile>
    <ClCompile Include="..\axLib\axWidgets\axMenu.cpp">
      <Filter>axLib\Widgets</Filter>
    </ClCompile>
    <ClCompile Include="..\axLib\axWidgets\axNumberBox.cpp">
      <Filter>axLib\Widgets</Filter>
    </ClCompile>
    <ClCompile Include="..\axLib\axWidgets\axPlot.cpp">
      <Filter>axLib\Widgets</Filter>
    </ClCompile>
    <ClCompile Include="..\axLib\axWidgets\axPopupMenu.cpp">
      <Filter>axLib\Widgets</Filter>
    </ClCompile>
    <ClCompile Include="..\axLib\axWidgets\axScrollBar.cpp">
      <Filter>axLib\Widgets</Filter>
    </ClCompile>
    <ClCompile Include="..\axLib\axWidgets\axSlider.cpp">
      <Filter>axLib\Widgets</Filter>
    </ClCompile>
    <ClCompile Include="..\axLib\axWidgets\axStaticImage.cpp">
      <Filter>axLib\Widgets</Filter>
    </ClCompile>
    <ClCompile Include="..\axLib\axWidgets\axTextBox.cpp">
      <Filter>axLib\Widgets</Filter>
    </ClCompile>
    <ClCompile Include="..\axLib\axWidgets\axTextControl.cpp">
      <Filter>axLib\Widgets</Filter>
    </ClCompile>
    <ClCompile Include="..\axLib\axWidgets\axToggle.cpp">
      <Filter>axLib\Widgets</Filter>
    </ClCompile>
    <ClCompile Include="..\axLib\axCoreWxWidgets.cpp">
      <Filter>axLib</Filter>
    </ClCompile>
    <ClCompile Include="ScoreGL.cpp">
      <Filter>Source Files</Filter>
    </ClCompile>
    <ClCompile Include="PlayerBarGL.cpp">
      <Filter>Source Files</Filter>
    </ClCompile>
    <ClCompile Include="OrchestraConstValue.cpp">
      <Filter>Source Files</Filter>
    </ClCompile>
    <ClCompile Include="Motion\VCNQuat.cpp">
      <Filter>Source Files\VCN</Filter>
    </ClCompile>
    <ClCompile Include="Motion\VCNVector.cpp">
      <Filter>Source Files\VCN</Filter>
    </ClCompile>
  </ItemGroup>
  <ItemGroup>
    <ClInclude Include="main.h">
      <Filter>Header Files</Filter>
    </ClInclude>
    <ClInclude Include="Debug.h">
      <Filter>Header Files</Filter>
    </ClInclude>
    <ClInclude Include="VlcPlayer.h">
      <Filter>Header Files</Filter>
    </ClInclude>
    <ClInclude Include="Panel3D.h">
      <Filter>Header Files</Filter>
    </ClInclude>
    <ClInclude Include="Partition.h">
      <Filter>Header Files</Filter>
    </ClInclude>
    <ClInclude Include="..\axLib\include\axApp.h">
      <Filter>axLib\include</Filter>
    </ClInclude>
    <ClInclude Include="..\axLib\include\axC++.h">
      <Filter>axLib\include</Filter>
    </ClInclude>
    <ClInclude Include="..\axLib\include\axColor.h">
      <Filter>axLib\include</Filter>
    </ClInclude>
    <ClInclude Include="..\axLib\include\axConfig.h">
      <Filter>axLib\include</Filter>
    </ClInclude>
    <ClInclude Include="..\axLib\include\axCore.h">
      <Filter>axLib\include</Filter>
    </ClInclude>
    <ClInclude Include="..\axLib\include\axEvent.h">
      <Filter>axLib\include</Filter>
    </ClInclude>
    <ClInclude Include="..\axLib\include\axEventManager.h">
      <Filter>axLib\include</Filter>
    </ClInclude>
    <ClInclude Include="..\axLib\include\axFont.h">
      <Filter>axLib\include</Filter>
    </ClInclude>
    <ClInclude Include="..\axLib\include\axGC.h">
      <Filter>axLib\include</Filter>
    </ClInclude>
    <ClInclude Include="..\axLib\include\axImage.h">
      <Filter>axLib\include</Filter>
    </ClInclude>
    <ClInclude Include="..\axLib\include\axKeyboardManager.h">
      <Filter>axLib\include</Filter>
    </ClInclude>
    <ClInclude Include="..\axLib\include\axLib.h">
      <Filter>axLib\include</Filter>
    </ClInclude>
    <ClInclude Include="..\axLib\include\axMain.h">
      <Filter>axLib\include</Filter>
    </ClInclude>
    <ClInclude Include="..\axLib\include\axManager.h">
      <Filter>axLib\include</Filter>
    </ClInclude>
    <ClInclude Include="..\axLib\include\axMath.h">
      <Filter>axLib\include</Filter>
    </ClInclude>
    <ClInclude Include="..\axLib\include\axMouseManager.h">
      <Filter>axLib\include</Filter>
    </ClInclude>
    <ClInclude Include="..\axLib\include\axMsg.h">
      <Filter>axLib\include</Filter>
    </ClInclude>
    <ClInclude Include="..\axLib\include\axObject.h">
      <Filter>axLib\include</Filter>
    </ClInclude>
    <ClInclude Include="..\axLib\include\axObjectLoader.h">
      <Filter>axLib\include</Filter>
    </ClInclude>
    <ClInclude Include="..\axLib\include\axPanel.h">
      <Filter>axLib\include</Filter>
    </ClInclude>
    <ClInclude Include="..\axLib\include\axResourceManager.h">
      <Filter>axLib\include</Filter>
    </ClInclude>
    <ClInclude Include="..\axLib\include\axTimer.h">
      <Filter>axLib\include</Filter>
    </ClInclude>
    <ClInclude Include="..\axLib\include\axUtils.h">
      <Filter>axLib\include</Filter>
    </ClInclude>
    <ClInclude Include="..\axLib\include\axVar.h">
      <Filter>axLib\include</Filter>
    </ClInclude>
    <ClInclude Include="..\axLib\include\axWidget.h">
      <Filter>axLib\include</Filter>
    </ClInclude>
    <ClInclude Include="..\axLib\include\axWidgetBuilder.h">
      <Filter>axLib\include</Filter>
    </ClInclude>
    <ClInclude Include="..\axLib\include\axWindow.h">
      <Filter>axLib\include</Filter>
    </ClInclude>
    <ClInclude Include="..\axLib\include\axWindowTree.h">
      <Filter>axLib\include</Filter>
    </ClInclude>
    <ClInclude Include="..\axLib\include\rapidxml.hpp">
      <Filter>axLib\include</Filter>
    </ClInclude>
    <ClInclude Include="..\axLib\axWidgets\axAnimatedButton.h">
      <Filter>axLib\Widgets</Filter>
    </ClInclude>
    <ClInclude Include="..\axLib\axWidgets\axButton.h">
      <Filter>axLib\Widgets</Filter>
    </ClInclude>
    <ClInclude Include="..\axLib\axWidgets\axDebugButton.h">
      <Filter>axLib\Widgets</Filter>
    </ClInclude>
    <ClInclude Include="..\axLib\axWidgets\axDropMenu.h">
      <Filter>axLib\Widgets</Filter>
    </ClInclude>
    <ClInclude Include="..\axLib\axWidgets\axGrid.h">
      <Filter>axLib\Widgets</Filter>
    </ClInclude>
    <ClInclude Include="..\axLib\axWidgets\axKnob.h">
      <Filter>axLib\Widgets</Filter>
    </ClInclude>
    <ClInclude Include="..\axLib\axWidgets\axLabel.h">
      <Filter>axLib\Widgets</Filter>
    </ClInclude>
    <ClInclude Include="..\axLib\axWidgets\axMenu.h">
      <Filter>axLib\Widgets</Filter>
    </ClInclude>
    <ClInclude Include="..\axLib\axWidgets\axNumberBox.h">
      <Filter>axLib\Widgets</Filter>
    </ClInclude>
    <ClInclude Include="..\axLib\axWidgets\axPlot.h">
      <Filter>axLib\Widgets</Filter>
    </ClInclude>
    <ClInclude Include="..\axLib\axWidgets\axPopupMenu.h">
      <Filter>axLib\Widgets</Filter>
    </ClInclude>
    <ClInclude Include="..\axLib\axWidgets\axScrollBar.h">
      <Filter>axLib\Widgets</Filter>
    </ClInclude>
    <ClInclude Include="..\axLib\axWidgets\axSlider.h">
      <Filter>axLib\Widgets</Filter>
    </ClInclude>
    <ClInclude Include="..\axLib\axWidgets\axStaticImage.h">
      <Filter>axLib\Widgets</Filter>
    </ClInclude>
    <ClInclude Include="..\axLib\axWidgets\axTextBox.h">
      <Filter>axLib\Widgets</Filter>
    </ClInclude>
    <ClInclude Include="..\axLib\axWidgets\axTextControl.h">
      <Filter>axLib\Widgets</Filter>
    </ClInclude>
    <ClInclude Include="..\axLib\axWidgets\axToggle.h">
      <Filter>axLib\Widgets</Filter>
    </ClInclude>
    <ClInclude Include="..\axLib\axCoreWxWidgets.h">
      <Filter>axLib</Filter>
    </ClInclude>
    <ClInclude Include="ScoreGL.h">
      <Filter>Header Files</Filter>
    </ClInclude>
    <ClInclude Include="PlayerBarGL.h">
      <Filter>Header Files</Filter>
    </ClInclude>
    <ClInclude Include="OrchestraConstValue.h">
      <Filter>Header Files</Filter>
    </ClInclude>
    <ClInclude Include="Motion\VCNConstants.h">
      <Filter>Header Files\VCN</Filter>
    </ClInclude>
    <ClInclude Include="Motion\VCNMatrix.h">
      <Filter>Header Files\VCN</Filter>
    </ClInclude>
    <ClInclude Include="Motion\VCNQuat.h">
      <Filter>Header Files\VCN</Filter>
    </ClInclude>
    <ClInclude Include="Motion\VCNVector.h">
      <Filter>Header Files\VCN</Filter>
    </ClInclude>
    <ClInclude Include="Motion\MotionFile.h">
      <Filter>Header Files\Motion</Filter>
    </ClInclude>
    <ClInclude Include="Motion\simpleFileIO.hpp">
      <Filter>Header Files\Motion</Filter>
    </ClInclude>
  </ItemGroup>
</Project>